github.com/downflux/game-db v0.0.0-20221220042506-5ff1616fdbf0 h1:GO0sOhNU+G0ZnML6R7j/X4mjh0Mj3oS4W99P7wKnZWg=
github.com/downflux/game-db v0.0.0-20221220042506-5ff1616fdbf0/go.mod h1:x1I2s9sjaIzJ9iu+b/hw4teVN4Ot5Z3nF01ZTd805jo=
github.com/downflux/go-bvh v0.2.2 h1:0VFLEJKmb+eYg3Oxz27O7maoLK7nJv94DHlHc5pTjn8=
github.com/downflux/go-bvh v0.2.2/go.mod h1:A4IdDdYkX7zy0STS7KvNMGgQTpMOT3/aSJh8MkM4GLc=
github.com/downflux/go-geometry v0.15.3 h1:Kwr2tiozUQF/Q47pCZDRaPS+MPrV6KsC87Gm0J7p15w=
github.com/downflux/go-geometry v0.15.3/go.mod h1:ZJcto0QwYRdoIbi5G4mh5y6v2xUS+d++/cANaO1F9+8=
