github.com/downflux/go-boids/x v0.0.0-20220717080926-c859735ca14a h1:F4kqZ5pKb8Ukd6L2rVIEFW3R4GFwWIWXbN56SDPsPLw=
github.com/downflux/go-boids/x v0.0.0-20220717080926-c859735ca14a/go.mod h1:LxiQU4c+jnU8NPysWqJxId3v/16TCMzvxvUH2mHHrXY=
github.com/downflux/go-boids/x v0.0.0-20230105004235-88964f9ca0d8 h1:As2UI4YhUfcBcDPZg72igSfFcnE9zb1ADCDomrgdhuI=
github.com/downflux/go-boids/x v0.0.0-20230105004235-88964f9ca0d8/go.mod h1:u3e7pXZh1Yl7gRt/6+1ILLvL1aLG5KF1GWBwIcbgqg0=
github.com/downflux/go-boids/x v0.0.0-20230105004744-106a26edfc10 h1:HXArq7arJzBLzeB9PfHJTESS6H4u1zL7UzYOXS/Gki8=
github.com/downflux/go-boids/x v0.0.0-20230105004744-106a26edfc10/go.mod h1:u3e7pXZh1Yl7gRt/6+1ILLvL1aLG5KF1GWBwIcbgqg0=
github.com/downflux/go-boids/x v0.0.0-20230105103056-66d232a68ed0 h1:mZ6lD++M6D+uKRXi/gsrg9bLqxBHQx0n7Ahwp0sy/nE=
github.com/downflux/go-boids/x v0.0.0-20230105103056-66d232a68ed0/go.mod h1:x4UV3ht1vkskrWV4k2DMhbRP+EiHHjAF8v9x5GNCEyU=
github.com/downflux/go-bvh v1.0.0 h1:k5rSxBGEeuhWaW8JrxL5KF1f3fA9jaXoK1/zJLV9DK4=
github.com/downflux/go-bvh v1.0.0/go.mod h1:A4IdDdYkX7zy0STS7KvNMGgQTpMOT3/aSJh8MkM4GLc=
github.com/downflux/go-collider v0.2.3 h1:efzBgxqb4ThqhO/zRXddTg+Blgprv9+ElnjrfFlHlgY=
github.com/downflux/go-collider v0.2.3/go.mod h1:6HHVS1G0AkWNK/jyXNIQJJvZcQSh7H5u1esriX9PKNs=
github.com/downflux/go-collider v0.2.4 h1:XEiuq8+ZlblFfWCMOqzQMa77Yg1GpeCdpQUElrLvYEQ=
github.com/downflux/go-collider v0.2.4/go.mod h1:VDtYye7LyPa1U65CCEXOQIFEmmKczlxWDeVubLOvLgY=
github.com/downflux/go-collider v0.2.5 h1:rNc+1wIYNyLw+5Tt9Zfh4WxG/3FJ/KIrU5N7JfKv2Bw=
github.com/downflux/go-collider v0.2.5/go.mod h1:VDtYye7LyPa1U65CCEXOQIFEmmKczlxWDeVubLOvLgY=
github.com/downflux/go-collider v0.2.6 h1:o5zBb81mEyg8nEh6mOYG4RwWoVs0g6q0w7KA2/c4FJs=
github.com/downflux/go-collider v0.2.6/go.mod h1:VDtYye7LyPa1U65CCEXOQIFEmmKczlxWDeVubLOvLgY=
github.com/downflux/go-database v0.3.1 h1:axnXBnUOje0G1pBQxMr9wYhFIXa+i3jS14VQAEaHuIM=
github.com/downflux/go-database v0.3.1/go.mod h1:GgparhC7kkqx5VPbyFjE8/zA7o2F/E8P8SR/GwXNs+s=
github.com/downflux/go-database v0.3.3 h1:VJis0vWeEbJ0MN/f/kowD0+RSyDajqVh3T2JbZjR0RU=
github.com/downflux/go-database v0.3.3/go.mod h1:GgparhC7kkqx5VPbyFjE8/zA7o2F/E8P8SR/GwXNs+s=
github.com/downflux/go-geometry v0.15.4 h1:COO+vw9M0fEoBIYrR1tY4nzWhnDNAnW1xIcf3TYKqJg=
github.com/downflux/go-geometry v0.15.4/go.mod h1:ZJcto0QwYRdoIbi5G4mh5y6v2xUS+d++/cANaO1F9+8=
github.com/downflux/go-pq v0.3.0 h1:oWLx7rzsD4fv1f2kp33NUq63CJVQvXZORkcpHr6bp9g=
github.com/downflux/go-pq v0.3.0/go.mod h1:vkc6UAQ+TBoNdTwDm5akDexE1auN2kQcR8BFw3hNCiM=
github.com/google/go-cmp v0.5.9 h1:O2Tfq5qg4qc4AmwVlvv0oLiVAGB7enBSJ2x2DqQFi38=
github.com/yuin/goldmark v1.4.13/go.mod h1:6yULJ656Px+3vBD8DxQVa3kxgyrAnzto9xy5taEt/CY=
golang.org/x/crypto v0.0.0-20190308221718-c2843e01d9a2/go.mod h1:djNgcEr1/C05ACkg1iLfiJU5Ep61QUkGW8qpdssI0+w=
golang.org/x/crypto v0.0.0-20210921155107-089bfa567519/go.mod h1:GvvjBRRGRdwPK5ydBHafDWAxML/pGHZbMvKqRZ5+Abc=
golang.org/x/image v0.3.0 h1:HTDXbdK9bjfSWkPzDJIw89W8CAtfFGduujWs33NLLsg=
golang.org/x/image v0.3.0/go.mod h1:fXd9211C/0VTlYuAcOhW8dY/RtEJqODXOWBDpmYBf+A=
golang.org/x/mod v0.6.0-dev.0.20220419223038-86c51ed26bb4/go.mod h1:jJ57K6gSWd91VN4djpZkiMVwK6gcyfeH4XE8wZrZaV4=
golang.org/x/net v0.0.0-20190620200207-3b0461eec859/go.mod h1:z5CRVTTTmAJ677TzLLGU+0bjPO0LkuOLi4/5GtJWs/s=
golang.org/x/net v0.0.0-20210226172049-e18ecbb05110/go.mod h1:m0MpNAwzfU5UDzcl9v0D8zg8gWTRqZa9RBIspLL5mdg=
golang.org/x/net v0.0.0-20220722155237-a158d28d115b/go.mod h1:XRhObCWvk6IyKnWLug+ECip1KBveYUHfp+8e9klMJ9c=
golang.org/x/sync v0.0.0-20190423024810-112230192c58/go.mod h1:RxMgew5VJxzue5/jJTE5uejpjVlOe/izrB70Jof72aM=
golang.org/x/sync v0.0.0-20220722155255-886fb9371eb4/go.mod h1:RxMgew5VJxzue5/jJTE5uejpjVlOe/izrB70Jof72aM=
golang.org/x/sys v0.0.0-20190215142949-d0b11bdaac8a/go.mod h1:STP8DvDyc/dI5b8T5hshtkjS+E42TnysNCUPdjciGhY=
golang.org/x/sys v0.0.0-20201119102817-f84b799fce68/go.mod h1:h1NjWce9XRLGQEsW7wpKNCjG9DtNlClVuFLEZdDNbEs=
golang.org/x/sys v0.0.0-20210615035016-665e8c7367d1/go.mod h1:oPkhp1MJrh7nUepCBck5+mAzfO9JrbApNNgaTdGDITg=
golang.org/x/sys v0.0.0-20220520151302-bc2c85ada10a/go.mod h1:oPkhp1MJrh7nUepCBck5+mAzfO9JrbApNNgaTdGDITg=
golang.org/x/sys v0.0.0-20220722155257-8c9f86f7a55f/go.mod h1:oPkhp1MJrh7nUepCBck5+mAzfO9JrbApNNgaTdGDITg=
golang.org/x/term v0.0.0-20201126162022-7de9c90e9dd1/go.mod h1:bj7SfCRtBDWHUb9snDiAeCFNEtKQo2Wmx5Cou7ajbmo=
golang.org/x/term v0.0.0-20210927222741-03fcf44c2211/go.mod h1:jbD1KX2456YbFQfuXm/mYQcufACuNUgVhRMnK/tPxf8=
golang.org/x/text v0.3.0/go.mod h1:NqM8EUOU14njkJ3fqMW+pc6Ldnwhi/IjpwHt7yyuwOQ=
golang.org/x/text v0.3.3/go.mod h1:5Zoc/QRtKVWzQhOtBMvqHzDpF6irO9z98xDceosuGiQ=
golang.org/x/text v0.3.7/go.mod h1:u+2+/6zg+i71rQMx5EYifcz6MCKuco9NR6JIITiCfzQ=
golang.org/x/text v0.6.0/go.mod h1:mrYo+phRRbMaCq/xk9113O4dZlRixOauAjOtrjsXDZ8=
golang.org/x/tools v0.0.0-20180917221912-90fa682c2a6e/go.mod h1:n7NCudcB/nEzxVGmLbDWY5pfWTLqBcC2KZ6jyYvM4mQ=
golang.org/x/tools v0.0.0-20191119224855-298f0cb1881e/go.mod h1:b+2E5dAYhXwXZwtnZ6UAqBI28+e2cm9otk0dWdXHAEo=
golang.org/x/tools v0.1.12/go.mod h1:hNGJHUnrk76NpqgfD5Aqm5Crs+Hm0VOH/i9J2+nxYbc=
golang.org/x/xerrors v0.0.0-20190717185122-a985d3407aa7/go.mod h1:I/5z698sn9Ka8TeJc9MKroUUfqBBauWjQqLJ2OPfmY0=
